
Microsoft Visual Studio Solution File, Format Version 12.00
# Visual Studio Version 17
VisualStudioVersion = 17.12.35506.116 d17.12
MinimumVisualStudioVersion = 10.0.40219.1
Project("{FAE04EC0-301F-11D3-BF4B-00C04F79EFBC}") = "SalesReportSystem", "SalesReportSystem\SalesReportSystem.csproj", "{DF5623A4-8A9F-4CCD-BF58-ACD0946833F2}"
EndProject
Project("{2150E333-8FDC-42A3-9474-1A3956D46DE8}") = "Domain", "Domain", "{0AAAA95F-33D7-4535-B224-15A436BCE730}"
EndProject
Project("{FAE04EC0-301F-11D3-BF4B-00C04F79EFBC}") = "Entities", "Entities\Entities.csproj", "{5A9A5F47-B162-438A-B5C6-53A6C2D050C9}"
EndProject
Project("{2150E333-8FDC-42A3-9474-1A3956D46DE8}") = "Persistance", "Persistance", "{032890B7-0FD9-47CB-9044-97C031CE11AD}"
EndProject
Project("{FAE04EC0-301F-11D3-BF4B-00C04F79EFBC}") = "DBContext", "DBContext\DBContext.csproj", "{C921F0C8-B888-416E-AE9A-705CF9508F2C}"
EndProject
Project("{FAE04EC0-301F-11D3-BF4B-00C04F79EFBC}") = "DataAccess", "DataAccess\DataAccess.csproj", "{D68361E8-5501-42A8-9419-3CFF1566E0CE}"
EndProject
Project("{FAE04EC0-301F-11D3-BF4B-00C04F79EFBC}") = "Interfaces", "Interfaces\Interfaces.csproj", "{668789A3-60D2-4219-9ECB-74DB114A593D}"
EndProject
Project("{FAE04EC0-301F-11D3-BF4B-00C04F79EFBC}") = "Repository", "Repository\Repository.csproj", "{0FC980B3-44B8-4958-8131-FD326E340C1B}"
EndProject
Project("{2150E333-8FDC-42A3-9474-1A3956D46DE8}") = "Application", "Application", "{5E607267-83CD-4D70-9891-895094113D2E}"
EndProject
Project("{FAE04EC0-301F-11D3-BF4B-00C04F79EFBC}") = "Services", "Services\Services.csproj", "{2B6552DA-939B-410C-92C3-0F35CCE3530C}"
EndProject
Global
	GlobalSection(SolutionConfigurationPlatforms) = preSolution
		Debug|Any CPU = Debug|Any CPU
		Release|Any CPU = Release|Any CPU
	EndGlobalSection
	GlobalSection(ProjectConfigurationPlatforms) = postSolution
		{DF5623A4-8A9F-4CCD-BF58-ACD0946833F2}.Debug|Any CPU.ActiveCfg = Debug|Any CPU
		{DF5623A4-8A9F-4CCD-BF58-ACD0946833F2}.Debug|Any CPU.Build.0 = Debug|Any CPU
		{DF5623A4-8A9F-4CCD-BF58-ACD0946833F2}.Release|Any CPU.ActiveCfg = Release|Any CPU
		{DF5623A4-8A9F-4CCD-BF58-ACD0946833F2}.Release|Any CPU.Build.0 = Release|Any CPU
		{5A9A5F47-B162-438A-B5C6-53A6C2D050C9}.Debug|Any CPU.ActiveCfg = Debug|Any CPU
		{5A9A5F47-B162-438A-B5C6-53A6C2D050C9}.Debug|Any CPU.Build.0 = Debug|Any CPU
		{5A9A5F47-B162-438A-B5C6-53A6C2D050C9}.Release|Any CPU.ActiveCfg = Release|Any CPU
		{5A9A5F47-B162-438A-B5C6-53A6C2D050C9}.Release|Any CPU.Build.0 = Release|Any CPU
		{C921F0C8-B888-416E-AE9A-705CF9508F2C}.Debug|Any CPU.ActiveCfg = Debug|Any CPU
		{C921F0C8-B888-416E-AE9A-705CF9508F2C}.Debug|Any CPU.Build.0 = Debug|Any CPU
		{C921F0C8-B888-416E-AE9A-705CF9508F2C}.Release|Any CPU.ActiveCfg = Release|Any CPU
		{C921F0C8-B888-416E-AE9A-705CF9508F2C}.Release|Any CPU.Build.0 = Release|Any CPU
		{D68361E8-5501-42A8-9419-3CFF1566E0CE}.Debug|Any CPU.ActiveCfg = Debug|Any CPU
		{D68361E8-5501-42A8-9419-3CFF1566E0CE}.Debug|Any CPU.Build.0 = Debug|Any CPU
		{D68361E8-5501-42A8-9419-3CFF1566E0CE}.Release|Any CPU.ActiveCfg = Release|Any CPU
		{D68361E8-5501-42A8-9419-3CFF1566E0CE}.Release|Any CPU.Build.0 = Release|Any CPU
		{668789A3-60D2-4219-9ECB-74DB114A593D}.Debug|Any CPU.ActiveCfg = Debug|Any CPU
		{668789A3-60D2-4219-9ECB-74DB114A593D}.Debug|Any CPU.Build.0 = Debug|Any CPU
		{668789A3-60D2-4219-9ECB-74DB114A593D}.Release|Any CPU.ActiveCfg = Release|Any CPU
		{668789A3-60D2-4219-9ECB-74DB114A593D}.Release|Any CPU.Build.0 = Release|Any CPU
		{0FC980B3-44B8-4958-8131-FD326E340C1B}.Debug|Any CPU.ActiveCfg = Debug|Any CPU
		{0FC980B3-44B8-4958-8131-FD326E340C1B}.Debug|Any CPU.Build.0 = Debug|Any CPU
		{0FC980B3-44B8-4958-8131-FD326E340C1B}.Release|Any CPU.ActiveCfg = Release|Any CPU
		{0FC980B3-44B8-4958-8131-FD326E340C1B}.Release|Any CPU.Build.0 = Release|Any CPU
		{2B6552DA-939B-410C-92C3-0F35CCE3530C}.Debug|Any CPU.ActiveCfg = Debug|Any CPU
		{2B6552DA-939B-410C-92C3-0F35CCE3530C}.Debug|Any CPU.Build.0 = Debug|Any CPU
		{2B6552DA-939B-410C-92C3-0F35CCE3530C}.Release|Any CPU.ActiveCfg = Release|Any CPU
		{2B6552DA-939B-410C-92C3-0F35CCE3530C}.Release|Any CPU.Build.0 = Release|Any CPU
	EndGlobalSection
	GlobalSection(SolutionProperties) = preSolution
		HideSolutionNode = FALSE
	EndGlobalSection
	GlobalSection(NestedProjects) = preSolution
		{5A9A5F47-B162-438A-B5C6-53A6C2D050C9} = {0AAAA95F-33D7-4535-B224-15A436BCE730}
		{C921F0C8-B888-416E-AE9A-705CF9508F2C} = {032890B7-0FD9-47CB-9044-97C031CE11AD}
		{D68361E8-5501-42A8-9419-3CFF1566E0CE} = {032890B7-0FD9-47CB-9044-97C031CE11AD}
		{668789A3-60D2-4219-9ECB-74DB114A593D} = {0AAAA95F-33D7-4535-B224-15A436BCE730}
		{0FC980B3-44B8-4958-8131-FD326E340C1B} = {032890B7-0FD9-47CB-9044-97C031CE11AD}
		{2B6552DA-939B-410C-92C3-0F35CCE3530C} = {5E607267-83CD-4D70-9891-895094113D2E}
	EndGlobalSection
EndGlobal
